{
    "name": "nest-prisma",
    "version": "0.0.0-dev",
    "lockfileVersion": 1,
    "requires": true,
    "dependencies": {
        "@nodelib/fs.scandir": {
            "version": "2.1.5",
            "resolved": "https://registry.npmmirror.com/@nodelib/fs.scandir/-/fs.scandir-2.1.5.tgz",
            "integrity": "sha512-vq24Bq3ym5HEQm2NKCr3yXDwjc7vTsEThRDnkp2DK9p1uqLR+DHurm/NOTo0KG7HYHU7eppKZj3MyqYuMBf62g==",
            "dev": true,
            "requires": {
                "@nodelib/fs.stat": "2.0.5",
                "run-parallel": "^1.1.9"
            }
        },
        "@nodelib/fs.stat": {
            "version": "2.0.5",
            "resolved": "https://registry.npmmirror.com/@nodelib/fs.stat/-/fs.stat-2.0.5.tgz",
            "integrity": "sha512-RkhPPp2zrqDAQA/2jNhnztcPAlv64XdhIp7a7454A5ovI7Bukxgt7MX7udwAu3zg1DcpPU0rz3VV1SeaqvY4+A==",
            "dev": true
        },
        "@nodelib/fs.walk": {
            "version": "1.2.8",
            "resolved": "https://registry.npmmirror.com/@nodelib/fs.walk/-/fs.walk-1.2.8.tgz",
            "integrity": "sha512-oGB+UxlgWcgQkgwo8GcEGwemoTFt3FIO9ababBmaGwXIoBKZ+GTy0pP185beGg7Llih/NSHSV2XAs1lnznocSg==",
            "dev": true,
            "requires": {
                "@nodelib/fs.scandir": "2.1.5",
                "fastq": "^1.6.0"
            }
        },
        "@prisma/debug": {
            "version": "3.9.2",
            "resolved": "https://registry.npmmirror.com/@prisma/debug/-/debug-3.9.2.tgz",
            "integrity": "sha512-zi+GYWvhhXXxXffRAaHK0cJO3/nR44kp85+x7OH8YxV6Q7PvSfIhhUClgbbD8x9YaZI/lle0RvN2OC2DN4JV+A==",
            "dev": true,
            "requires": {
                "@types/debug": "4.1.7",
                "ms": "2.1.3",
                "strip-ansi": "6.0.1"
            }
        },
        "@ts-morph/common": {
            "version": "0.12.3",
            "resolved": "https://registry.npmmirror.com/@ts-morph/common/-/common-0.12.3.tgz",
            "integrity": "sha512-4tUmeLyXJnJWvTFOKtcNJ1yh0a3SsTLi2MUoyj8iUNznFRN1ZquaNe7Oukqrnki2FzZkm0J9adCNLDZxUzvj+w==",
            "dev": true,
            "requires": {
                "fast-glob": "^3.2.7",
                "minimatch": "^3.0.4",
                "mkdirp": "^1.0.4",
                "path-browserify": "^1.0.1"
            }
        },
        "@types/cross-spawn": {
            "version": "6.0.2",
            "resolved": "https://registry.npmmirror.com/@types/cross-spawn/-/cross-spawn-6.0.2.tgz",
            "integrity": "sha512-KuwNhp3eza+Rhu8IFI5HUXRP0LIhqH5cAjubUvGXXthh4YYBuP2ntwEX+Cz8GJoZUHlKo247wPWOfA9LYEq4cw==",
            "dev": true,
            "requires": {
                "@types/node": "*"
            }
        },
        "@types/debug": {
            "version": "4.1.7",
            "resolved": "https://registry.npmmirror.com/@types/debug/-/debug-4.1.7.tgz",
            "integrity": "sha512-9AonUzyTjXXhEOa0DnqpzZi6VHlqKMswga9EXjpXnnqxwLtdvPPtlO8evrI5D9S6asFRCQ6v+wpiUKbw+vKqyg==",
            "dev": true,
            "requires": {
                "@types/ms": "*"
            }
        },
        "@types/ms": {
            "version": "0.7.31",
            "resolved": "https://registry.npmmirror.com/@types/ms/-/ms-0.7.31.tgz",
            "integrity": "sha512-iiUgKzV9AuaEkZqkOLDIvlQiL6ltuZd9tGcW3gwpnX8JbuiuhFlEGmmFXEXkN50Cvq7Os88IY2v0dkDqXYWVgA==",
            "dev": true
        },
        "@types/node": {
            "version": "17.0.17",
            "resolved": "https://registry.npmmirror.com/@types/node/-/node-17.0.17.tgz",
            "integrity": "sha512-e8PUNQy1HgJGV3iU/Bp2+D/DXh3PYeyli8LgIwsQcs1Ar1LoaWHSIT6Rw+H2rNJmiq6SNWiDytfx8+gYj7wDHw==",
            "dev": true
        },
        "ansi-regex": {
            "version": "5.0.1",
            "resolved": "https://registry.npmmirror.com/ansi-regex/-/ansi-regex-5.0.1.tgz",
            "integrity": "sha512-quJQXlTSUGL2LH9SUXo8VwsY4soanhgo6LNSm84E1LBcE8s3O0wpdiRzyR9z/ZZJMlMWv37qOOb9pdJlMUEKFQ==",
            "dev": true
        },
        "ansi-styles": {
            "version": "4.3.0",
            "resolved": "https://registry.npmmirror.com/ansi-styles/-/ansi-styles-4.3.0.tgz",
            "integrity": "sha512-zbB9rCJAT1rbjiVDb2hqKFHNYLxgtk8NURxZ3IZwD3F6NtxbXZQCnnSi1Lkx+IDohdPlFp222wVALIheZJQSEg==",
            "dev": true,
            "requires": {
                "color-convert": "^2.0.1"
            }
        },
        "balanced-match": {
            "version": "1.0.2",
            "resolved": "https://registry.npmmirror.com/balanced-match/-/balanced-match-1.0.2.tgz",
            "integrity": "sha512-3oSeUO0TMV67hN1AmbXsK4yaqU7tjiHlbxRDZOpH0KW9+CeX4bRAaX0Anxt0tx2MrpRpWwQaPwIlISEJhYU5Pw==",
            "dev": true
        },
        "brace-expansion": {
            "version": "1.1.11",
            "resolved": "https://registry.npmmirror.com/brace-expansion/-/brace-expansion-1.1.11.tgz",
            "integrity": "sha512-iCuPHDFgrHX7H2vEI/5xpz07zSHB00TpugqhmYtVmMO6518mCuRMoOYFldEBl0g187ufozdaHgWKcYFb61qGiA==",
            "dev": true,
            "requires": {
                "balanced-match": "^1.0.0",
                "concat-map": "0.0.1"
            }
        },
        "braces": {
            "version": "3.0.2",
            "resolved": "https://registry.npmmirror.com/braces/-/braces-3.0.2.tgz",
            "integrity": "sha512-b8um+L1RzM3WDSzvhm6gIz1yfTbBt6YTlcEKAvsmqCZZFw46z626lVj9j1yEPW33H5H+lBQpZMP1k8l+78Ha0A==",
            "dev": true,
            "requires": {
                "fill-range": "^7.0.1"
            }
        },
        "chalk": {
            "version": "4.1.2",
            "resolved": "https://registry.npmmirror.com/chalk/-/chalk-4.1.2.tgz",
            "integrity": "sha512-oKnbhFyRIXpUuez8iBMmyEa4nbj4IOQyuhc/wy9kY7/WVPcwIO9VA668Pu8RkO7+0G76SLROeyw9CpQ061i4mA==",
            "dev": true,
            "requires": {
                "ansi-styles": "^4.1.0",
                "supports-color": "^7.1.0"
            }
        },
        "code-block-writer": {
            "version": "11.0.0",
            "resolved": "https://registry.npmmirror.com/code-block-writer/-/code-block-writer-11.0.0.tgz",
            "integrity": "sha512-GEqWvEWWsOvER+g9keO4ohFoD3ymwyCnqY3hoTr7GZipYFwEhMHJw+TtV0rfgRhNImM6QWZGO2XYjlJVyYT62w==",
            "dev": true,
            "requires": {
                "tslib": "2.3.1"
            }
        },
        "color-convert": {
            "version": "2.0.1",
            "resolved": "https://registry.npmmirror.com/color-convert/-/color-convert-2.0.1.tgz",
            "integrity": "sha512-RRECPsj7iu/xb5oKYcsFHSppFNnsj/52OVTRKb4zP5onXwVF3zVmmToNcOfGC+CRDpfK/U584fMg38ZHCaElKQ==",
            "dev": true,
            "requires": {
                "color-name": "~1.1.4"
            }
        },
        "color-name": {
            "version": "1.1.4",
            "resolved": "https://registry.npmmirror.com/color-name/-/color-name-1.1.4.tgz",
            "integrity": "sha512-dOy+3AuW3a2wNbZHIuMZpTcgjGuLU/uBL/ubcZF9OXbDo8ff4O8yVp5Bf0efS8uEoYo5q4Fx7dY9OgQGXgAsQA==",
            "dev": true
        },
        "concat-map": {
            "version": "0.0.1",
            "resolved": "https://registry.npmmirror.com/concat-map/-/concat-map-0.0.1.tgz",
            "integrity": "sha512-/Srv4dswyQNBfohGpz9o6Yb3Gz3SrUDqBH5rTuhGR7ahtlbYKnVxw2bCFMRljaA7EXHaXZ8wsHdodFvbkhKmqg==",
            "dev": true
        },
        "cross-spawn": {
            "version": "7.0.3",
            "resolved": "https://registry.npmmirror.com/cross-spawn/-/cross-spawn-7.0.3.tgz",
            "integrity": "sha512-iRDPJKUPVEND7dHPO8rkbOnPpyDygcDFtWjpeWNCgy8WP2rXcxXL8TskReQl6OrB2G7+UJrags1q15Fudc7G6w==",
            "dev": true,
            "requires": {
                "path-key": "^3.1.0",
                "shebang-command": "^2.0.0",
                "which": "^2.0.1"
            }
        },
        "escape-goat": {
            "version": "2.1.1",
            "resolved": "https://registry.npmmirror.com/escape-goat/-/escape-goat-2.1.1.tgz",
            "integrity": "sha512-8/uIhbG12Csjy2JEW7D9pHbreaVaS/OpN3ycnyvElTdwM5n6GY6W6e2IPemfvGZeUMqZ9A/3GqIZMgKnBhAw/Q==",
            "dev": true
        },
        "escape-string-regexp": {
            "version": "1.0.5",
            "resolved": "https://registry.npmmirror.com/escape-string-regexp/-/escape-string-regexp-1.0.5.tgz",
            "integrity": "sha512-vbRorB5FUQWvla16U8R/qgaFIya2qGzwDrNmCZuYKrbdSUMG6I1ZCGQRefkRVhuOkIGVne7BQ35DSfo1qvJqFg==",
            "dev": true
        },
        "fast-glob": {
            "version": "3.2.11",
            "resolved": "https://registry.npmmirror.com/fast-glob/-/fast-glob-3.2.11.tgz",
            "integrity": "sha512-xrO3+1bxSo3ZVHAnqzyuewYT6aMFHRAd4Kcs92MAonjwQZLsK9d0SF1IyQ3k5PoirxTW0Oe/RqFgMQ6TcNE5Ew==",
            "dev": true,
            "requires": {
                "@nodelib/fs.stat": "^2.0.2",
                "@nodelib/fs.walk": "^1.2.3",
                "glob-parent": "^5.1.2",
                "merge2": "^1.3.0",
                "micromatch": "^4.0.4"
            }
        },
        "fastq": {
            "version": "1.13.0",
            "resolved": "https://registry.npmmirror.com/fastq/-/fastq-1.13.0.tgz",
            "integrity": "sha512-YpkpUnK8od0o1hmeSc7UUs/eB/vIPWJYjKck2QKIzAf71Vm1AAQ3EbuZB3g2JIy+pg+ERD0vqI79KyZiB2e2Nw==",
            "dev": true,
            "requires": {
                "reusify": "^1.0.4"
            }
        },
        "filename-reserved-regex": {
            "version": "2.0.0",
            "resolved": "https://registry.npmmirror.com/filename-reserved-regex/-/filename-reserved-regex-2.0.0.tgz",
            "integrity": "sha512-lc1bnsSr4L4Bdif8Xb/qrtokGbq5zlsms/CYH8PP+WtCkGNF65DPiQY8vG3SakEdRn8Dlnm+gW/qWKKjS5sZzQ==",
            "dev": true
        },
        "fill-range": {
            "version": "7.0.1",
            "resolved": "https://registry.npmmirror.com/fill-range/-/fill-range-7.0.1.tgz",
            "integrity": "sha512-qOo9F+dMUmC2Lcb4BbVvnKJxTPjCm+RRpe4gDuGrzkL7mEVl/djYSu2OdQ2Pa302N4oqkSg9ir6jaLWJ2USVpQ==",
            "dev": true,
            "requires": {
                "to-regex-range": "^5.0.1"
            }
        },
        "glob-parent": {
            "version": "5.1.2",
            "resolved": "https://registry.npmmirror.com/glob-parent/-/glob-parent-5.1.2.tgz",
            "integrity": "sha512-AOIgSQCepiJYwP3ARnGx+5VnTu2HBYdzbGP45eLw1vr3zB3vZLeyed1sC9hnbcOc9/SrMyM5RPQrkGz4aS9Zow==",
            "dev": true,
            "requires": {
                "is-glob": "^4.0.1"
            }
        },
        "has-flag": {
            "version": "4.0.0",
            "resolved": "https://registry.npmmirror.com/has-flag/-/has-flag-4.0.0.tgz",
            "integrity": "sha512-EykJT/Q1KjTWctppgIAgfSO0tKVuZUjhgMr17kqTumMl6Afv3EISleU7qZUzoXDFTAHTDC4NOoG/ZxU3EvlMPQ==",
            "dev": true
        },
        "is-extglob": {
            "version": "2.1.1",
            "resolved": "https://registry.npmmirror.com/is-extglob/-/is-extglob-2.1.1.tgz",
            "integrity": "sha512-SbKbANkN603Vi4jEZv49LeVJMn4yGwsbzZworEoyEiutsN3nJYdbO36zfhGJ6QEDpOZIFkDtnq5JRxmvl3jsoQ==",
            "dev": true
        },
        "is-glob": {
            "version": "4.0.3",
            "resolved": "https://registry.npmmirror.com/is-glob/-/is-glob-4.0.3.tgz",
            "integrity": "sha512-xelSayHH36ZgE7ZWhli7pW34hNbNl8Ojv5KVmkJD4hBdD3th8Tfk9vYasLM+mXWOZhFkgZfxhLSnrwRr4elSSg==",
            "dev": true,
            "requires": {
                "is-extglob": "^2.1.1"
            }
        },
        "is-number": {
            "version": "7.0.0",
            "resolved": "https://registry.npmmirror.com/is-number/-/is-number-7.0.0.tgz",
            "integrity": "sha512-41Cifkg6e8TylSpdtTpeLVMqvSBEVzTttHvERD741+pnZ8ANv0004MRL43QKPDlK9cGvNp6NZWZUBlbGXYxxng==",
            "dev": true
        },
        "is-promise": {
            "version": "4.0.0",
            "resolved": "https://registry.npmmirror.com/is-promise/-/is-promise-4.0.0.tgz",
            "integrity": "sha512-hvpoI6korhJMnej285dSg6nu1+e6uxs7zG3BYAm5byqDsgJNWwxzM6z6iZiAgQR4TJ30JmBTOwqZUw3WlyH3AQ==",
            "dev": true
        },
        "isexe": {
            "version": "2.0.0",
            "resolved": "https://registry.npmmirror.com/isexe/-/isexe-2.0.0.tgz",
            "integrity": "sha512-RHxMLp9lnKHGHRng9QFhRCMbYAcVpn69smSGcq3f36xjgVVWThj4qqLbTLlq7Ssj8B+fIQ1EuCEGI2lKsyQeIw==",
            "dev": true
        },
        "merge2": {
            "version": "1.4.1",
            "resolved": "https://registry.npmmirror.com/merge2/-/merge2-1.4.1.tgz",
            "integrity": "sha512-8q7VEgMJW4J8tcfVPy8g09NcQwZdbwFEqhe/WZkoIzjn/3TGDwtOCYtXGxA3O8tPzpczCCDgv+P2P5y00ZJOOg==",
            "dev": true
        },
        "micromatch": {
            "version": "4.0.4",
            "resolved": "https://registry.npmmirror.com/micromatch/-/micromatch-4.0.4.tgz",
            "integrity": "sha512-pRmzw/XUcwXGpD9aI9q/0XOwLNygjETJ8y0ao0wdqprrzDa4YnxLcz7fQRZr8voh8V10kGhABbNcHVk5wHgWwg==",
            "dev": true,
            "requires": {
                "braces": "^3.0.1",
                "picomatch": "^2.2.3"
            }
        },
        "minimatch": {
            "version": "3.0.5",
            "resolved": "https://registry.npmmirror.com/minimatch/-/minimatch-3.0.5.tgz",
            "integrity": "sha512-tUpxzX0VAzJHjLu0xUfFv1gwVp9ba3IOuRAVH2EGuRW8a5emA2FlACLqiT/lDVtS1W+TGNwqz3sWaNyLgDJWuw==",
            "dev": true,
            "requires": {
                "brace-expansion": "^1.1.7"
            }
        },
        "minimist": {
            "version": "1.2.5",
            "resolved": "https://registry.npmmirror.com/minimist/-/minimist-1.2.5.tgz",
            "integrity": "sha512-FM9nNUYrRBAELZQT3xeZQ7fmMOBg6nWNmJKTcgsJeaLstP/UODVpGsr5OhXhhXg6f+qtJ8uiZ+PUxkDWcgIXLw==",
            "dev": true
        },
        "mkdirp": {
            "version": "1.0.4",
            "resolved": "https://registry.npmmirror.com/mkdirp/-/mkdirp-1.0.4.tgz",
            "integrity": "sha512-vVqVZQyf3WLx2Shd0qJ9xuvqgAyKPLAiqITEtqW0oIUjzo3PePDd6fW9iFz30ef7Ysp/oiWqbhszeGWW2T6Gzw==",
            "dev": true
        },
        "ms": {
            "version": "2.1.3",
            "resolved": "https://registry.npmmirror.com/ms/-/ms-2.1.3.tgz",
            "integrity": "sha512-6FlzubTLZG3J2a/NVCAleEhjzq5oxgHyaCU9yYXvcLsvoVaHJq/s5xXI6/XXP6tz7R9xAOtHnSO/tXtF3WRTlA==",
            "dev": true
        },
        "path-browserify": {
            "version": "1.0.1",
            "resolved": "https://registry.npmmirror.com/path-browserify/-/path-browserify-1.0.1.tgz",
            "integrity": "sha512-b7uo2UCUOYZcnF/3ID0lulOJi/bafxa1xPe7ZPsammBSpjSWQkjNxlt635YGS2MiR9GjvuXCtz2emr3jbsz98g==",
            "dev": true
        },
        "path-key": {
            "version": "3.1.1",
            "resolved": "https://registry.npmmirror.com/path-key/-/path-key-3.1.1.tgz",
            "integrity": "sha512-ojmeN0qd+y0jszEtoY48r0Peq5dwMEkIlCOu6Q5f41lfkswXuKtYrhgoTpLnyIcHm24Uhqx+5Tqm2InSwLhE6Q==",
            "dev": true
        },
        "picomatch": {
            "version": "2.3.1",
            "resolved": "https://registry.npmmirror.com/picomatch/-/picomatch-2.3.1.tgz",
            "integrity": "sha512-JU3teHTNjmE2VCGFzuY8EXzCDVwEqB2a8fsIvwaStHhAWJEeVd1o1QD80CU6+ZdEXXSLbSsuLwJjkCBWqRQUVA==",
            "dev": true
        },
        "prisma-nestjs-graphql": {
            "version": "14.6.1",
            "resolved": "https://registry.npmmirror.com/prisma-nestjs-graphql/-/prisma-nestjs-graphql-14.6.1.tgz",
            "integrity": "sha512-t8bdS8XzQCi998L7nq/PeejzDT+jROoZD//7ocV16SX9PN2qgg91d/vKfvvNyqR+FYr1Yv99fK8BVRkA+vsqTg==",
            "dev": true,
            "requires": {
                "@prisma/generator-helper": "^3.5.0",
                "await-event-emitter": "^2.0.2",
                "filenamify": "4.X",
                "flat": "^5.0.2",
                "get-relative-path": "^1.0.2",
                "json5": "^2.2.0",
                "lodash": "^4.17.21",
                "outmatch": "^0.7.0",
                "pluralize": "^8.0.0",
                "pupa": "2.X",
                "ts-morph": ">=11"
            },
            "dependencies": {
                "@prisma/generator-helper": {
                    "version": "3.9.2",
                    "resolved": "https://registry.npmmirror.com/@prisma/generator-helper/-/generator-helper-3.9.2.tgz",
                    "integrity": "sha512-hKVPNeOq4Opznpup2Nn0/nKzEcvHRsPd6Q3hQcmx2y/Yuoq+Gc4GPPjpRBbslFjkty02DjzO9dx+uJFsZZcXCg==",
                    "dev": true,
                    "requires": {
                        "@prisma/debug": "3.9.2",
                        "@types/cross-spawn": "6.0.2",
                        "chalk": "4.1.2",
                        "cross-spawn": "7.0.3"
                    }
                },
                "await-event-emitter": {
                    "version": "2.0.2",
                    "resolved": "https://registry.npmmirror.com/await-event-emitter/-/await-event-emitter-2.0.2.tgz",
                    "integrity": "sha512-3+cjm1wr2MQz0bFM1f5F0pR9XUitF5/kaKUfeGXJWFKC57FgDY61BoQp/xzjjkxXCz8tw1S2fCpeHtxpTID9tA==",
                    "dev": true,
                    "requires": {
                        "is-promise": "^4.0.0"
                    }
                },
                "filenamify": {
                    "version": "4.3.0",
                    "resolved": "https://registry.npmmirror.com/filenamify/-/filenamify-4.3.0.tgz",
                    "integrity": "sha512-hcFKyUG57yWGAzu1CMt/dPzYZuv+jAJUT85bL8mrXvNe6hWj6yEHEc4EdcgiA6Z3oi1/9wXJdZPXF2dZNgwgOg==",
                    "dev": true,
                    "requires": {
                        "filename-reserved-regex": "^2.0.0",
                        "strip-outer": "^1.0.1",
                        "trim-repeated": "^1.0.0"
                    }
                },
                "flat": {
                    "version": "5.0.2",
                    "resolved": "https://registry.npmmirror.com/flat/-/flat-5.0.2.tgz",
                    "integrity": "sha512-b6suED+5/3rTpUBdG1gupIl8MPFCAMA0QXwmljLhvCUKcUvdE4gWky9zpuGCcXHOsz4J9wPGNWq6OKpmIzz3hQ==",
                    "dev": true
                },
                "get-relative-path": {
                    "version": "1.0.2",
                    "resolved": "https://registry.npmmirror.com/get-relative-path/-/get-relative-path-1.0.2.tgz",
                    "integrity": "sha512-dGkopYfmB4sXMTcZslq5SojEYakpdCSj/SVSHLhv7D6RBHzvDtd/3Q8lTEOAhVKxPPeAHu/YYkENbbz3PaH+8w==",
                    "dev": true
                },
                "json5": {
                    "version": "2.2.0",
                    "resolved": "https://registry.npmmirror.com/json5/-/json5-2.2.0.tgz",
                    "integrity": "sha512-f+8cldu7X/y7RAJurMEJmdoKXGB/X550w2Nr3tTbezL6RwEE/iMcm+tZnXeoZtKuOq6ft8+CqzEkrIgx1fPoQA==",
                    "dev": true,
                    "requires": {
                        "minimist": "^1.2.5"
                    }
                },
                "lodash": {
                    "version": "4.17.21",
                    "resolved": "https://registry.npmmirror.com/lodash/-/lodash-4.17.21.tgz",
                    "integrity": "sha512-v2kDEe57lecTulaDIuNTPy3Ry4gLGJ6Z1O3vE1krgXZNrsQ+LFTGHVxVjcXPs17LhbZVGedAJv8XZ1tvj5FvSg==",
                    "dev": true
                },
                "outmatch": {
                    "version": "0.7.0",
                    "resolved": "https://registry.npmmirror.com/outmatch/-/outmatch-0.7.0.tgz",
                    "integrity": "sha512-w1ybiTBffGiwxOO7JJBVVOsIiWwzcfSl/D80amWAU2UDe1o9/SySOUzAwDuN3+jGKQRs0UCDTS8rndFiroJgVQ==",
                    "dev": true
                },
                "pluralize": {
                    "version": "8.0.0",
                    "resolved": "https://registry.npmmirror.com/pluralize/-/pluralize-8.0.0.tgz",
                    "integrity": "sha512-Nc3IT5yHzflTfbjgqWcCPpo7DaKy4FnpB0l/zCAW0Tc7jxAiuqSxHasntB3D7887LSrA93kDJ9IXovxJYxyLCA==",
                    "dev": true
                },
                "pupa": {
                    "version": "2.1.1",
                    "resolved": "https://registry.npmmirror.com/pupa/-/pupa-2.1.1.tgz",
                    "integrity": "sha512-l1jNAspIBSFqbT+y+5FosojNpVpF94nlI+wDUpqP9enwOTfHx9f0gh5nB96vl+6yTpsJsypeNrwfzPrKuHB41A==",
                    "dev": true,
                    "requires": {
                        "escape-goat": "^2.0.0"
                    }
                },
                "ts-morph": {
                    "version": "13.0.3",
                    "resolved": "https://registry.npmmirror.com/ts-morph/-/ts-morph-13.0.3.tgz",
                    "integrity": "sha512-pSOfUMx8Ld/WUreoSzvMFQG5i9uEiWIsBYjpU9+TTASOeUa89j5HykomeqVULm1oqWtBdleI3KEFRLrlA3zGIw==",
                    "dev": true,
                    "requires": {
                        "@ts-morph/common": "~0.12.3",
                        "code-block-writer": "^11.0.0"
                    }
                }
            }
        },
        "queue-microtask": {
            "version": "1.2.3",
            "resolved": "https://registry.npmmirror.com/queue-microtask/-/queue-microtask-1.2.3.tgz",
            "integrity": "sha512-NuaNSa6flKT5JaSYQzJok04JzTL1CA6aGhv5rfLW3PgqA+M2ChpZQnAC8h8i4ZFkBS8X5RqkDBHA7r4hej3K9A==",
            "dev": true
        },
        "reusify": {
            "version": "1.0.4",
            "resolved": "https://registry.npmmirror.com/reusify/-/reusify-1.0.4.tgz",
            "integrity": "sha512-U9nH88a3fc/ekCF1l0/UP1IosiuIjyTh7hBvXVMHYgVcfGvt897Xguj2UOLDeI5BG2m7/uwyaLVT6fbtCwTyzw==",
            "dev": true
        },
        "run-parallel": {
            "version": "1.2.0",
            "resolved": "https://registry.npmmirror.com/run-parallel/-/run-parallel-1.2.0.tgz",
            "integrity": "sha512-5l4VyZR86LZ/lDxZTR6jqL8AFE2S0IFLMP26AbjsLVADxHdhB/c0GUsH+y39UfCi3dzz8OlQuPmnaJOMoDHQBA==",
            "dev": true,
            "requires": {
                "queue-microtask": "^1.2.2"
            }
        },
        "shebang-command": {
            "version": "2.0.0",
            "resolved": "https://registry.npmmirror.com/shebang-command/-/shebang-command-2.0.0.tgz",
            "integrity": "sha512-kHxr2zZpYtdmrN1qDjrrX/Z1rR1kG8Dx+gkpK1G4eXmvXswmcE1hTWBWYUzlraYw1/yZp6YuDY77YtvbN0dmDA==",
            "dev": true,
            "requires": {
                "shebang-regex": "^3.0.0"
            }
        },
        "shebang-regex": {
            "version": "3.0.0",
            "resolved": "https://registry.npmmirror.com/shebang-regex/-/shebang-regex-3.0.0.tgz",
            "integrity": "sha512-7++dFhtcx3353uBaq8DDR4NuxBetBzC7ZQOhmTQInHEd6bSrXdiEyzCvG07Z44UYdLShWUyXt5M/yhz8ekcb1A==",
            "dev": true
        },
        "strip-ansi": {
            "version": "6.0.1",
            "resolved": "https://registry.npmmirror.com/strip-ansi/-/strip-ansi-6.0.1.tgz",
            "integrity": "sha512-Y38VPSHcqkFrCpFnQ9vuSXmquuv5oXOKpGeT6aGrr3o3Gc9AlVa6JBfUSOCnbxGGZF+/0ooI7KrPuUSztUdU5A==",
            "dev": true,
            "requires": {
                "ansi-regex": "^5.0.1"
            }
        },
        "strip-outer": {
            "version": "1.0.1",
            "resolved": "https://registry.npmmirror.com/strip-outer/-/strip-outer-1.0.1.tgz",
            "integrity": "sha512-k55yxKHwaXnpYGsOzg4Vl8+tDrWylxDEpknGjhTiZB8dFRU5rTo9CAzeycivxV3s+zlTKwrs6WxMxR95n26kwg==",
            "dev": true,
            "requires": {
                "escape-string-regexp": "^1.0.2"
            }
        },
        "supports-color": {
            "version": "7.2.0",
            "resolved": "https://registry.npmmirror.com/supports-color/-/supports-color-7.2.0.tgz",
            "integrity": "sha512-qpCAvRl9stuOHveKsn7HncJRvv501qIacKzQlO/+Lwxc9+0q2wLyv4Dfvt80/DPn2pqOBsJdDiogXGR9+OvwRw==",
            "dev": true,
            "requires": {
                "has-flag": "^4.0.0"
            }
        },
        "to-regex-range": {
            "version": "5.0.1",
            "resolved": "https://registry.npmmirror.com/to-regex-range/-/to-regex-range-5.0.1.tgz",
            "integrity": "sha512-65P7iz6X5yEr1cwcgvQxbbIw7Uk3gOy5dIdtZ4rDveLqhrdJP+Li/Hx6tyK0NEb+2GCyneCMJiGqrADCSNk8sQ==",
            "dev": true,
            "requires": {
                "is-number": "^7.0.0"
            }
        },
        "trim-repeated": {
            "version": "1.0.0",
            "resolved": "https://registry.npmmirror.com/trim-repeated/-/trim-repeated-1.0.0.tgz",
            "integrity": "sha512-pkonvlKk8/ZuR0D5tLW8ljt5I8kmxp2XKymhepUeOdCEfKpZaktSArkLHZt76OB1ZvO9bssUsDty4SWhLvZpLg==",
            "dev": true,
            "requires": {
                "escape-string-regexp": "^1.0.2"
            }
        },
        "tslib": {
            "version": "2.3.1",
            "resolved": "https://registry.npmmirror.com/tslib/-/tslib-2.3.1.tgz",
            "integrity": "sha512-77EbyPPpMz+FRFRuAFlWMtmgUWGe9UOG2Z25NqCwiIjRhOf5iKGuzSe5P2w1laq+FkRy4p+PCuVkJSGkzTEKVw==",
            "dev": true
        },
        "which": {
            "version": "2.0.2",
            "resolved": "https://registry.npmmirror.com/which/-/which-2.0.2.tgz",
            "integrity": "sha512-BLI3Tl1TW3Pvl70l3yq3Y64i+awpwXqsGBYWkkqMtnbXgrMD+yj7rhW0kuEDxzJaYXGjEW5ogapKNMEKNMjibA==",
            "dev": true,
            "requires": {
                "isexe": "^2.0.0"
            }
        }
    }
}
